// !$*UTF8*$!
{
	archiveVersion = 1;
	classes = {
	};
	objectVersion = 46;
	objects = {

/* Begin PBXBuildFile section */
		C724236D16A712DD00608474 /* UIKit.framework in Frameworks */ = {isa = PBXBuildFile; fileRef = C724236C16A712DD00608474 /* UIKit.framework */; };
		C724236F16A712DD00608474 /* Foundation.framework in Frameworks */ = {isa = PBXBuildFile; fileRef = C724236E16A712DD00608474 /* Foundation.framework */; };
		C724237116A712DD00608474 /* CoreGraphics.framework in Frameworks */ = {isa = PBXBuildFile; fileRef = C724237016A712DD00608474 /* CoreGraphics.framework */; };
		C724237716A712DD00608474 /* InfoPlist.strings in Resources */ = {isa = PBXBuildFile; fileRef = C724237516A712DD00608474 /* InfoPlist.strings */; };
		C724237916A712DD00608474 /* main.m in Sources */ = {isa = PBXBuildFile; fileRef = C724237816A712DD00608474 /* main.m */; };
		C724237D16A712DD00608474 /* BaseballAppDelegate.m in Sources */ = {isa = PBXBuildFile; fileRef = C724237C16A712DD00608474 /* BaseballAppDelegate.m */; };
		C724237F16A712DD00608474 /* Default.png in Resources */ = {isa = PBXBuildFile; fileRef = C724237E16A712DD00608474 /* Default.png */; };
		C724238116A712DD00608474 /* Default@2x.png in Resources */ = {isa = PBXBuildFile; fileRef = C724238016A712DD00608474 /* Default@2x.png */; };
		C724238316A712DD00608474 /* Default-568h@2x.png in Resources */ = {isa = PBXBuildFile; fileRef = C724238216A712DD00608474 /* Default-568h@2x.png */; };
		C724238616A712DD00608474 /* MainStoryboard.storyboard in Resources */ = {isa = PBXBuildFile; fileRef = C724238416A712DD00608474 /* MainStoryboard.storyboard */; };
		C724239116A715A800608474 /* CreatePlayerTableViewController.m in Sources */ = {isa = PBXBuildFile; fileRef = C724239016A715A800608474 /* CreatePlayerTableViewController.m */; };
		C724239716A7168400608474 /* Player.m in Sources */ = {isa = PBXBuildFile; fileRef = C724239616A7168400608474 /* Player.m */; };
		C749FE8416A723C700C9473A /* PositionTableViewController.m in Sources */ = {isa = PBXBuildFile; fileRef = C749FE8316A723C700C9473A /* PositionTableViewController.m */; };
		C793670816A8F45F00459861 /* BaseballViewController.m in Sources */ = {isa = PBXBuildFile; fileRef = C793670716A8F45F00459861 /* BaseballViewController.m */; };
		C793670B16A8F62800459861 /* ballField.png in Resources */ = {isa = PBXBuildFile; fileRef = C793670A16A8F62800459861 /* ballField.png */; };
		C7EB781A16A89A1A00D54E21 /* baseball_50_50.png in Resources */ = {isa = PBXBuildFile; fileRef = C7EB781916A89A1A00D54E21 /* baseball_50_50.png */; };
/* End PBXBuildFile section */

/* Begin PBXFileReference section */
		C724236816A712DD00608474 /* Baseball.app */ = {isa = PBXFileReference; explicitFileType = wrapper.application; includeInIndex = 0; path = Baseball.app; sourceTree = BUILT_PRODUCTS_DIR; };
		C724236C16A712DD00608474 /* UIKit.framework */ = {isa = PBXFileReference; lastKnownFileType = wrapper.framework; name = UIKit.framework; path = System/Library/Frameworks/UIKit.framework; sourceTree = SDKROOT; };
		C724236E16A712DD00608474 /* Foundation.framework */ = {isa = PBXFileReference; lastKnownFileType = wrapper.framework; name = Foundation.framework; path = System/Library/Frameworks/Foundation.framework; sourceTree = SDKROOT; };
		C724237016A712DD00608474 /* CoreGraphics.framework */ = {isa = PBXFileReference; lastKnownFileType = wrapper.framework; name = CoreGraphics.framework; path = System/Library/Frameworks/CoreGraphics.framework; sourceTree = SDKROOT; };
		C724237416A712DD00608474 /* Baseball-Info.plist */ = {isa = PBXFileReference; lastKnownFileType = text.plist.xml; path = "Baseball-Info.plist"; sourceTree = "<group>"; };
		C724237616A712DD00608474 /* en */ = {isa = PBXFileReference; lastKnownFileType = text.plist.strings; name = en; path = en.lproj/InfoPlist.strings; sourceTree = "<group>"; };
		C724237816A712DD00608474 /* main.m */ = {isa = PBXFileReference; lastKnownFileType = sourcecode.c.objc; path = main.m; sourceTree = "<group>"; };
		C724237A16A712DD00608474 /* Baseball-Prefix.pch */ = {isa = PBXFileReference; lastKnownFileType = sourcecode.c.h; path = "Baseball-Prefix.pch"; sourceTree = "<group>"; };
		C724237B16A712DD00608474 /* BaseballAppDelegate.h */ = {isa = PBXFileReference; lastKnownFileType = sourcecode.c.h; path = BaseballAppDelegate.h; sourceTree = "<group>"; };
		C724237C16A712DD00608474 /* BaseballAppDelegate.m */ = {isa = PBXFileReference; lastKnownFileType = sourcecode.c.objc; path = BaseballAppDelegate.m; sourceTree = "<group>"; };
		C724237E16A712DD00608474 /* Default.png */ = {isa = PBXFileReference; lastKnownFileType = image.png; path = Default.png; sourceTree = "<group>"; };
		C724238016A712DD00608474 /* Default@2x.png */ = {isa = PBXFileReference; lastKnownFileType = image.png; path = "Default@2x.png"; sourceTree = "<group>"; };
		C724238216A712DD00608474 /* Default-568h@2x.png */ = {isa = PBXFileReference; lastKnownFileType = image.png; path = "Default-568h@2x.png"; sourceTree = "<group>"; };
		C724238516A712DD00608474 /* en */ = {isa = PBXFileReference; lastKnownFileType = file.storyboard; name = en; path = en.lproj/MainStoryboard.storyboard; sourceTree = "<group>"; };
		C724238F16A715A800608474 /* CreatePlayerTableViewController.h */ = {isa = PBXFileReference; fileEncoding = 4; lastKnownFileType = sourcecode.c.h; path = CreatePlayerTableViewController.h; sourceTree = "<group>"; };
		C724239016A715A800608474 /* CreatePlayerTableViewController.m */ = {isa = PBXFileReference; fileEncoding = 4; lastKnownFileType = sourcecode.c.objc; path = CreatePlayerTableViewController.m; sourceTree = "<group>"; };
		C724239516A7168400608474 /* Player.h */ = {isa = PBXFileReference; fileEncoding = 4; lastKnownFileType = sourcecode.c.h; path = Player.h; sourceTree = "<group>"; };
		C724239616A7168400608474 /* Player.m */ = {isa = PBXFileReference; fileEncoding = 4; lastKnownFileType = sourcecode.c.objc; path = Player.m; sourceTree = "<group>"; };
		C749FE8216A723C700C9473A /* PositionTableViewController.h */ = {isa = PBXFileReference; fileEncoding = 4; lastKnownFileType = sourcecode.c.h; path = PositionTableViewController.h; sourceTree = "<group>"; };
		C749FE8316A723C700C9473A /* PositionTableViewController.m */ = {isa = PBXFileReference; fileEncoding = 4; lastKnownFileType = sourcecode.c.objc; path = PositionTableViewController.m; sourceTree = "<group>"; };
		C793670616A8F45F00459861 /* BaseballViewController.h */ = {isa = PBXFileReference; fileEncoding = 4; lastKnownFileType = sourcecode.c.h; path = BaseballViewController.h; sourceTree = "<group>"; };
		C793670716A8F45F00459861 /* BaseballViewController.m */ = {isa = PBXFileReference; fileEncoding = 4; lastKnownFileType = sourcecode.c.objc; path = BaseballViewController.m; sourceTree = "<group>"; };
		C793670A16A8F62800459861 /* ballField.png */ = {isa = PBXFileReference; lastKnownFileType = image.png; path = ballField.png; sourceTree = "<group>"; };
		C7EB781916A89A1A00D54E21 /* baseball_50_50.png */ = {isa = PBXFileReference; lastKnownFileType = image.png; path = baseball_50_50.png; sourceTree = "<group>"; };
/* End PBXFileReference section */

/* Begin PBXFrameworksBuildPhase section */
		C724236516A712DD00608474 /* Frameworks */ = {
			isa = PBXFrameworksBuildPhase;
			buildActionMask = 2147483647;
			files = (
				C724236D16A712DD00608474 /* UIKit.framework in Frameworks */,
				C724236F16A712DD00608474 /* Foundation.framework in Frameworks */,
				C724237116A712DD00608474 /* CoreGraphics.framework in Frameworks */,
			);
			runOnlyForDeploymentPostprocessing = 0;
		};
/* End PBXFrameworksBuildPhase section */

/* Begin PBXGroup section */
		C724235D16A712DD00608474 = {
			isa = PBXGroup;
			children = (
				C724237216A712DD00608474 /* Baseball */,
				C724236B16A712DD00608474 /* Frameworks */,
				C724236916A712DD00608474 /* Products */,
			);
			sourceTree = "<group>";
		};
		C724236916A712DD00608474 /* Products */ = {
			isa = PBXGroup;
			children = (
				C724236816A712DD00608474 /* Baseball.app */,
			);
			name = Products;
			sourceTree = "<group>";
		};
		C724236B16A712DD00608474 /* Frameworks */ = {
			isa = PBXGroup;
			children = (
				C724236C16A712DD00608474 /* UIKit.framework */,
				C724236E16A712DD00608474 /* Foundation.framework */,
				C724237016A712DD00608474 /* CoreGraphics.framework */,
			);
			name = Frameworks;
			sourceTree = "<group>";
		};
		C724237216A712DD00608474 /* Baseball */ = {
			isa = PBXGroup;
			children = (
				C724238416A712DD00608474 /* MainStoryboard.storyboard */,
				C724239316A715D600608474 /* Controllers */,
				C724239416A7166B00608474 /* Models */,
				C724237B16A712DD00608474 /* BaseballAppDelegate.h */,
				C724237C16A712DD00608474 /* BaseballAppDelegate.m */,
				C724237316A712DD00608474 /* Supporting Files */,
			);
			path = Baseball;
			sourceTree = "<group>";
		};
		C724237316A712DD00608474 /* Supporting Files */ = {
			isa = PBXGroup;
			children = (
				C793670A16A8F62800459861 /* ballField.png */,
				C7EB781916A89A1A00D54E21 /* baseball_50_50.png */,
				C724237416A712DD00608474 /* Baseball-Info.plist */,
				C724237516A712DD00608474 /* InfoPlist.strings */,
				C724237816A712DD00608474 /* main.m */,
				C724237A16A712DD00608474 /* Baseball-Prefix.pch */,
				C724237E16A712DD00608474 /* Default.png */,
				C724238016A712DD00608474 /* Default@2x.png */,
				C724238216A712DD00608474 /* Default-568h@2x.png */,
			);
			name = "Supporting Files";
			sourceTree = "<group>";
		};
		C724239316A715D600608474 /* Controllers */ = {
			isa = PBXGroup;
			children = (
				C793670616A8F45F00459861 /* BaseballViewController.h */,
				C793670716A8F45F00459861 /* BaseballViewController.m */,
				C749FE8216A723C700C9473A /* PositionTableViewController.h */,
				C749FE8316A723C700C9473A /* PositionTableViewController.m */,
				C724238F16A715A800608474 /* CreatePlayerTableViewController.h */,
				C724239016A715A800608474 /* CreatePlayerTableViewController.m */,
			);
			name = Controllers;
			sourceTree = "<group>";
		};
		C724239416A7166B00608474 /* Models */ = {
			isa = PBXGroup;
			children = (
				C724239516A7168400608474 /* Player.h */,
				C724239616A7168400608474 /* Player.m */,
			);
			name = Models;
			sourceTree = "<group>";
		};
/* End PBXGroup section */

/* Begin PBXNativeTarget section */
		C724236716A712DD00608474 /* Baseball */ = {
			isa = PBXNativeTarget;
			buildConfigurationList = C724238C16A712DD00608474 /* Build configuration list for PBXNativeTarget "Baseball" */;
			buildPhases = (
				C724236416A712DD00608474 /* Sources */,
				C724236516A712DD00608474 /* Frameworks */,
				C724236616A712DD00608474 /* Resources */,
			);
			buildRules = (
			);
			dependencies = (
			);
			name = Baseball;
			productName = Baseball;
			productReference = C724236816A712DD00608474 /* Baseball.app */;
			productType = "com.apple.product-type.application";
		};
/* End PBXNativeTarget section */

/* Begin PBXProject section */
		C724235F16A712DD00608474 /* Project object */ = {
			isa = PBXProject;
			attributes = {
				CLASSPREFIX = Baseball;
				LastUpgradeCheck = 0450;
				ORGANIZATIONNAME = RTB;
			};
			buildConfigurationList = C724236216A712DD00608474 /* Build configuration list for PBXProject "Baseball" */;
			compatibilityVersion = "Xcode 3.2";
			developmentRegion = English;
			hasScannedForEncodings = 0;
			knownRegions = (
				en,
			);
			mainGroup = C724235D16A712DD00608474;
			productRefGroup = C724236916A712DD00608474 /* Products */;
			projectDirPath = "";
			projectRoot = "";
			targets = (
				C724236716A712DD00608474 /* Baseball */,
			);
		};
/* End PBXProject section */

/* Begin PBXResourcesBuildPhase section */
		C724236616A712DD00608474 /* Resources */ = {
			isa = PBXResourcesBuildPhase;
			buildActionMask = 2147483647;
			files = (
				C724237716A712DD00608474 /* InfoPlist.strings in Resources */,
				C724237F16A712DD00608474 /* Default.png in Resources */,
				C724238116A712DD00608474 /* Default@2x.png in Resources */,
				C724238316A712DD00608474 /* Default-568h@2x.png in Resources */,
				C724238616A712DD00608474 /* MainStoryboard.storyboard in Resources */,
				C7EB781A16A89A1A00D54E21 /* baseball_50_50.png in Resources */,
				C793670B16A8F62800459861 /* ballField.png in Resources */,
			);
			runOnlyForDeploymentPostprocessing = 0;
		};
/* End PBXResourcesBuildPhase section */

/* Begin PBXSourcesBuildPhase section */
		C724236416A712DD00608474 /* Sources */ = {
			isa = PBXSourcesBuildPhase;
			buildActionMask = 2147483647;
			files = (
				C724237916A712DD00608474 /* main.m in Sources */,
				C724237D16A712DD00608474 /* BaseballAppDelegate.m in Sources */,
				C724239116A715A800608474 /* CreatePlayerTableViewController.m in Sources */,
				C724239716A7168400608474 /* Player.m in Sources */,
				C749FE8416A723C700C9473A /* PositionTableViewController.m in Sources */,
				C793670816A8F45F00459861 /* BaseballViewController.m in Sources */,
			);
			runOnlyForDeploymentPostprocessing = 0;
		};
/* End PBXSourcesBuildPhase section */

/* Begin PBXVariantGroup section */
		C724237516A712DD00608474 /* InfoPlist.strings */ = {
			isa = PBXVariantGroup;
			children = (
				C724237616A712DD00608474 /* en */,
			);
			name = InfoPlist.strings;
			sourceTree = "<group>";
		};
		C724238416A712DD00608474 /* MainStoryboard.storyboard */ = {
			isa = PBXVariantGroup;
			children = (
				C724238516A712DD00608474 /* en */,
			);
			name = MainStoryboard.storyboard;
			sourceTree = "<group>";
		};
/* End PBXVariantGroup section */

/* Begin XCBuildConfiguration section */
		C724238A16A712DD00608474 /* Debug */ = {
			isa = XCBuildConfiguration;
			buildSettings = {
				ALWAYS_SEARCH_USER_PATHS = NO;
				CLANG_CXX_LANGUAGE_STANDARD = "gnu++0x";
				CLANG_CXX_LIBRARY = "libc++";
				CLANG_ENABLE_OBJC_ARC = YES;
				CLANG_WARN_EMPTY_BODY = YES;
				CLANG_WARN__DUPLICATE_METHOD_MATCH = YES;
				"CODE_SIGN_IDENTITY[sdk=iphoneos*]" = "iPhone Developer";
				COPY_PHASE_STRIP = NO;
				GCC_C_LANGUAGE_STANDARD = gnu99;
				GCC_DYNAMIC_NO_PIC = NO;
				GCC_OPTIMIZATION_LEVEL = 0;
				GCC_PREPROCESSOR_DEFINITIONS = (
					"DEBUG=1",
					"$(inherited)",
				);
				GCC_SYMBOLS_PRIVATE_EXTERN = NO;
				GCC_WARN_ABOUT_RETURN_TYPE = YES;
				GCC_WARN_UNINITIALIZED_AUTOS = YES;
				GCC_WARN_UNUSED_VARIABLE = YES;
				IPHONEOS_DEPLOYMENT_TARGET = 6.0;
				ONLY_ACTIVE_ARCH = YES;
				SDKROOT = iphoneos;
			};
			name = Debug;
		};
		C724238B16A712DD00608474 /* Release */ = {
			isa = XCBuildConfiguration;
			buildSettings = {
				ALWAYS_SEARCH_USER_PATHS = NO;
				CLANG_CXX_LANGUAGE_STANDARD = "gnu++0x";
				CLANG_CXX_LIBRARY = "libc++";
				CLANG_ENABLE_OBJC_ARC = YES;
				CLANG_WARN_EMPTY_BODY = YES;
				CLANG_WARN__DUPLICATE_METHOD_MATCH = YES;
				"CODE_SIGN_IDENTITY[sdk=iphoneos*]" = "iPhone Developer";
				COPY_PHASE_STRIP = YES;
				GCC_C_LANGUAGE_STANDARD = gnu99;
				GCC_WARN_ABOUT_RETURN_TYPE = YES;
				GCC_WARN_UNINITIALIZED_AUTOS = YES;
				GCC_WARN_UNUSED_VARIABLE = YES;
				IPHONEOS_DEPLOYMENT_TARGET = 6.0;
				OTHER_CFLAGS = "-DNS_BLOCK_ASSERTIONS=1";
				SDKROOT = iphoneos;
				VALIDATE_PRODUCT = YES;
			};
			name = Release;
		};
		C724238D16A712DD00608474 /* Debug */ = {
			isa = XCBuildConfiguration;
			buildSettings = {
				GCC_PRECOMPILE_PREFIX_HEADER = YES;
				GCC_PREFIX_HEADER = "Baseball/Baseball-Prefix.pch";
				INFOPLIST_FILE = "Baseball/Baseball-Info.plist";
				PRODUCT_NAME = "$(TARGET_NAME)";
				WRAPPER_EXTENSION = app;
			};
			name = Debug;
		};
		C724238E16A712DD00608474 /* Release */ = {
			isa = XCBuildConfiguration;
			buildSettings = {
				GCC_PRECOMPILE_PREFIX_HEADER = YES;
				GCC_PREFIX_HEADER = "Baseball/Baseball-Prefix.pch";
				INFOPLIST_FILE = "Baseball/Baseball-Info.plist";
				PRODUCT_NAME = "$(TARGET_NAME)";
				WRAPPER_EXTENSION = app;
			};
			name = Release;
		};
/* End XCBuildConfiguration section */

/* Begin XCConfigurationList section */
		C724236216A712DD00608474 /* Build configuration list for PBXProject "Baseball" */ = {
			isa = XCConfigurationList;
			buildConfigurations = (
				C724238A16A712DD00608474 /* Debug */,
				C724238B16A712DD00608474 /* Release */,
			);
			defaultConfigurationIsVisible = 0;
			defaultConfigurationName = Release;
		};
		C724238C16A712DD00608474 /* Build configuration list for PBXNativeTarget "Baseball" */ = {
			isa = XCConfigurationList;
			buildConfigurations = (
				C724238D16A712DD00608474 /* Debug */,
				C724238E16A712DD00608474 /* Release */,
			);
			defaultConfigurationIsVisible = 0;
			defaultConfigurationName = Release;
		};
/* End XCConfigurationList section */
	};
	rootObject = C724235F16A712DD00608474 /* Project object */;
}
